PODS:
  - GFCoreDataSource (0.2.6)
  - Masonry (1.0.2)

DEPENDENCIES:
  - GFCoreDataSource (from `../`)
  - Masonry

EXTERNAL SOURCES:
  GFCoreDataSource:
    :path: ../

SPEC CHECKSUMS:
  GFCoreDataSource: 09f2c4b3d62cf8b14346868a09a2b877fae8ed6e
  Masonry: 7c429b56da9d4ee0bbb3ed77a5ea710d6a5df39e

PODFILE CHECKSUM: de0fa99fc7a2bcbf886c6a7202931d0fdfe05669

COCOAPODS: 1.1.1
